// !$*UTF8*$!
{
	archiveVersion = 1;
	classes = {
	};
	objectVersion = 77;
	objects = {

/* Begin PBXBuildFile section */
		5436B6D82CE8E0F400E8CBFA /* HolidayJp in Frameworks */ = {isa = PBXBuildFile; productRef = 5436B6D72CE8E0F400E8CBFA /* HolidayJp */; };
		5436B6DB2CE8E27700E8CBFA /* GoogleSignIn in Frameworks */ = {isa = PBXBuildFile; productRef = 5436B6DA2CE8E27700E8CBFA /* GoogleSignIn */; };
		5436B6DD2CE8E27700E8CBFA /* GoogleSignInSwift in Frameworks */ = {isa = PBXBuildFile; productRef = 5436B6DC2CE8E27700E8CBFA /* GoogleSignInSwift */; };
		5436B8312CE8E7DA00E8CBFA /* GoogleAPIClientForREST_Calendar in Frameworks */ = {isa = PBXBuildFile; productRef = 5436B8302CE8E7DA00E8CBFA /* GoogleAPIClientForREST_Calendar */; };
		5436B8342CE8E94B00E8CBFA /* NotificationPermission in Frameworks */ = {isa = PBXBuildFile; productRef = 5436B8332CE8E94B00E8CBFA /* NotificationPermission */; };
		5436B8372CE8E99B00E8CBFA /* Shimmer in Frameworks */ = {isa = PBXBuildFile; productRef = 5436B8362CE8E99B00E8CBFA /* Shimmer */; };
		5436B83A2CE8E9D300E8CBFA /* CachedAsyncImage in Frameworks */ = {isa = PBXBuildFile; productRef = 5436B8392CE8E9D300E8CBFA /* CachedAsyncImage */; };
		5436B83D2CE8EA3900E8CBFA /* LicenseList in Frameworks */ = {isa = PBXBuildFile; productRef = 5436B83C2CE8EA3900E8CBFA /* LicenseList */; };
		5436B8482CE8EBFC00E8CBFA /* RealmSwift in Frameworks */ = {isa = PBXBuildFile; productRef = 5436B8472CE8EBFC00E8CBFA /* RealmSwift */; };
		5436B8492CE8ECF500E8CBFA /* RealmSwift in Embed Frameworks */ = {isa = PBXBuildFile; productRef = 5436B8472CE8EBFC00E8CBFA /* RealmSwift */; settings = {ATTRIBUTES = (CodeSignOnCopy, ); }; };
		5436BA3A2CE9769F00E8CBFA /* RiveRuntime in Frameworks */ = {isa = PBXBuildFile; productRef = 5436BA392CE9769F00E8CBFA /* RiveRuntime */; };
/* End PBXBuildFile section */

/* Begin PBXContainerItemProxy section */
		5436B61F2CE8DEEF00E8CBFA /* PBXContainerItemProxy */ = {
			isa = PBXContainerItemProxy;
			containerPortal = 5436B6022CE8DEEC00E8CBFA /* Project object */;
			proxyType = 1;
			remoteGlobalIDString = 5436B6092CE8DEEC00E8CBFA;
			remoteInfo = JShift;
		};
		5436B6292CE8DEEF00E8CBFA /* PBXContainerItemProxy */ = {
			isa = PBXContainerItemProxy;
			containerPortal = 5436B6022CE8DEEC00E8CBFA /* Project object */;
			proxyType = 1;
			remoteGlobalIDString = 5436B6092CE8DEEC00E8CBFA;
			remoteInfo = JShift;
		};
/* End PBXContainerItemProxy section */

/* Begin PBXCopyFilesBuildPhase section */
		5436B84A2CE8ECF500E8CBFA /* Embed Frameworks */ = {
			isa = PBXCopyFilesBuildPhase;
			buildActionMask = 2147483647;
			dstPath = "";
			dstSubfolderSpec = 10;
			files = (
				5436B8492CE8ECF500E8CBFA /* RealmSwift in Embed Frameworks */,
			);
			name = "Embed Frameworks";
			runOnlyForDeploymentPostprocessing = 0;
		};
/* End PBXCopyFilesBuildPhase section */

/* Begin PBXFileReference section */
		5436B60A2CE8DEEC00E8CBFA /* JShift.app */ = {isa = PBXFileReference; explicitFileType = wrapper.application; includeInIndex = 0; path = JShift.app; sourceTree = BUILT_PRODUCTS_DIR; };
		5436B61E2CE8DEEF00E8CBFA /* JShiftTests.xctest */ = {isa = PBXFileReference; explicitFileType = wrapper.cfbundle; includeInIndex = 0; path = JShiftTests.xctest; sourceTree = BUILT_PRODUCTS_DIR; };
		5436B6282CE8DEEF00E8CBFA /* JShiftUITests.xctest */ = {isa = PBXFileReference; explicitFileType = wrapper.cfbundle; includeInIndex = 0; path = JShiftUITests.xctest; sourceTree = BUILT_PRODUCTS_DIR; };
/* End PBXFileReference section */

/* Begin PBXFileSystemSynchronizedBuildFileExceptionSet section */
		5436B98E2CE96D8600E8CBFA /* Exceptions for "JShift" folder in "JShift" target */ = {
			isa = PBXFileSystemSynchronizedBuildFileExceptionSet;
			membershipExceptions = (
				Info.plist,
			);
			target = 5436B6092CE8DEEC00E8CBFA /* JShift */;
		};
/* End PBXFileSystemSynchronizedBuildFileExceptionSet section */

/* Begin PBXFileSystemSynchronizedRootGroup section */
		5436B6212CE8DEEF00E8CBFA /* JShiftTests */ = {
			isa = PBXFileSystemSynchronizedRootGroup;
			path = JShiftTests;
			sourceTree = "<group>";
		};
		5436B62B2CE8DEEF00E8CBFA /* JShiftUITests */ = {
			isa = PBXFileSystemSynchronizedRootGroup;
			path = JShiftUITests;
			sourceTree = "<group>";
		};
		5436B9452CE96D8600E8CBFA /* JShift */ = {
			isa = PBXFileSystemSynchronizedRootGroup;
			exceptions = (
				5436B98E2CE96D8600E8CBFA /* Exceptions for "JShift" folder in "JShift" target */,
			);
			path = JShift;
			sourceTree = "<group>";
		};
/* End PBXFileSystemSynchronizedRootGroup section */

/* Begin PBXFrameworksBuildPhase section */
		5436B6072CE8DEEC00E8CBFA /* Frameworks */ = {
			isa = PBXFrameworksBuildPhase;
			buildActionMask = 2147483647;
			files = (
				5436B83A2CE8E9D300E8CBFA /* CachedAsyncImage in Frameworks */,
				5436B6DD2CE8E27700E8CBFA /* GoogleSignInSwift in Frameworks */,
				5436B8312CE8E7DA00E8CBFA /* GoogleAPIClientForREST_Calendar in Frameworks */,
				5436B6D82CE8E0F400E8CBFA /* HolidayJp in Frameworks */,
				5436B83D2CE8EA3900E8CBFA /* LicenseList in Frameworks */,
				5436BA3A2CE9769F00E8CBFA /* RiveRuntime in Frameworks */,
				5436B8342CE8E94B00E8CBFA /* NotificationPermission in Frameworks */,
				5436B8372CE8E99B00E8CBFA /* Shimmer in Frameworks */,
				5436B8482CE8EBFC00E8CBFA /* RealmSwift in Frameworks */,
				5436B6DB2CE8E27700E8CBFA /* GoogleSignIn in Frameworks */,
			);
			runOnlyForDeploymentPostprocessing = 0;
		};
		5436B61B2CE8DEEF00E8CBFA /* Frameworks */ = {
			isa = PBXFrameworksBuildPhase;
			buildActionMask = 2147483647;
			files = (
			);
			runOnlyForDeploymentPostprocessing = 0;
		};
		5436B6252CE8DEEF00E8CBFA /* Frameworks */ = {
			isa = PBXFrameworksBuildPhase;
			buildActionMask = 2147483647;
			files = (
			);
			runOnlyForDeploymentPostprocessing = 0;
		};
/* End PBXFrameworksBuildPhase section */

/* Begin PBXGroup section */
		5436B6012CE8DEEC00E8CBFA = {
			isa = PBXGroup;
			children = (
				5436B9452CE96D8600E8CBFA /* JShift */,
				5436B6212CE8DEEF00E8CBFA /* JShiftTests */,
				5436B62B2CE8DEEF00E8CBFA /* JShiftUITests */,
				5436B60B2CE8DEEC00E8CBFA /* Products */,
			);
			sourceTree = "<group>";
		};
		5436B60B2CE8DEEC00E8CBFA /* Products */ = {
			isa = PBXGroup;
			children = (
				5436B60A2CE8DEEC00E8CBFA /* JShift.app */,
				5436B61E2CE8DEEF00E8CBFA /* JShiftTests.xctest */,
				5436B6282CE8DEEF00E8CBFA /* JShiftUITests.xctest */,
			);
			name = Products;
			sourceTree = "<group>";
		};
/* End PBXGroup section */

/* Begin PBXNativeTarget section */
		5436B6092CE8DEEC00E8CBFA /* JShift */ = {
			isa = PBXNativeTarget;
			buildConfigurationList = 5436B6312CE8DEEF00E8CBFA /* Build configuration list for PBXNativeTarget "JShift" */;
			buildPhases = (
				5436B6062CE8DEEC00E8CBFA /* Sources */,
				5436B6072CE8DEEC00E8CBFA /* Frameworks */,
				5436B6082CE8DEEC00E8CBFA /* Resources */,
				5436B84A2CE8ECF500E8CBFA /* Embed Frameworks */,
			);
			buildRules = (
			);
			dependencies = (
			);
			fileSystemSynchronizedGroups = (
				5436B9452CE96D8600E8CBFA /* JShift */,
			);
			name = JShift;
			packageProductDependencies = (
				5436B6D72CE8E0F400E8CBFA /* HolidayJp */,
				5436B6DA2CE8E27700E8CBFA /* GoogleSignIn */,
				5436B6DC2CE8E27700E8CBFA /* GoogleSignInSwift */,
				5436B8302CE8E7DA00E8CBFA /* GoogleAPIClientForREST_Calendar */,
				5436B8332CE8E94B00E8CBFA /* NotificationPermission */,
				5436B8362CE8E99B00E8CBFA /* Shimmer */,
				5436B8392CE8E9D300E8CBFA /* CachedAsyncImage */,
				5436B83C2CE8EA3900E8CBFA /* LicenseList */,
				5436B8472CE8EBFC00E8CBFA /* RealmSwift */,
				5436BA392CE9769F00E8CBFA /* RiveRuntime */,
			);
			productName = JShift;
			productReference = 5436B60A2CE8DEEC00E8CBFA /* JShift.app */;
			productType = "com.apple.product-type.application";
		};
		5436B61D2CE8DEEF00E8CBFA /* JShiftTests */ = {
			isa = PBXNativeTarget;
			buildConfigurationList = 5436B6362CE8DEEF00E8CBFA /* Build configuration list for PBXNativeTarget "JShiftTests" */;
			buildPhases = (
				5436B61A2CE8DEEF00E8CBFA /* Sources */,
				5436B61B2CE8DEEF00E8CBFA /* Frameworks */,
				5436B61C2CE8DEEF00E8CBFA /* Resources */,
			);
			buildRules = (
			);
			dependencies = (
				5436B6202CE8DEEF00E8CBFA /* PBXTargetDependency */,
			);
			fileSystemSynchronizedGroups = (
				5436B6212CE8DEEF00E8CBFA /* JShiftTests */,
			);
			name = JShiftTests;
			packageProductDependencies = (
			);
			productName = JShiftTests;
			productReference = 5436B61E2CE8DEEF00E8CBFA /* JShiftTests.xctest */;
			productType = "com.apple.product-type.bundle.unit-test";
		};
		5436B6272CE8DEEF00E8CBFA /* JShiftUITests */ = {
			isa = PBXNativeTarget;
			buildConfigurationList = 5436B6392CE8DEEF00E8CBFA /* Build configuration list for PBXNativeTarget "JShiftUITests" */;
			buildPhases = (
				5436B6242CE8DEEF00E8CBFA /* Sources */,
				5436B6252CE8DEEF00E8CBFA /* Frameworks */,
				5436B6262CE8DEEF00E8CBFA /* Resources */,
			);
			buildRules = (
			);
			dependencies = (
				5436B62A2CE8DEEF00E8CBFA /* PBXTargetDependency */,
			);
			fileSystemSynchronizedGroups = (
				5436B62B2CE8DEEF00E8CBFA /* JShiftUITests */,
			);
			name = JShiftUITests;
			packageProductDependencies = (
			);
			productName = JShiftUITests;
			productReference = 5436B6282CE8DEEF00E8CBFA /* JShiftUITests.xctest */;
			productType = "com.apple.product-type.bundle.ui-testing";
		};
/* End PBXNativeTarget section */

/* Begin PBXProject section */
		5436B6022CE8DEEC00E8CBFA /* Project object */ = {
			isa = PBXProject;
			attributes = {
				BuildIndependentTargetsInParallel = 1;
				LastSwiftUpdateCheck = 1600;
				LastUpgradeCheck = 1600;
				TargetAttributes = {
					5436B6092CE8DEEC00E8CBFA = {
						CreatedOnToolsVersion = 16.0;
					};
					5436B61D2CE8DEEF00E8CBFA = {
						CreatedOnToolsVersion = 16.0;
						TestTargetID = 5436B6092CE8DEEC00E8CBFA;
					};
					5436B6272CE8DEEF00E8CBFA = {
						CreatedOnToolsVersion = 16.0;
						TestTargetID = 5436B6092CE8DEEC00E8CBFA;
					};
				};
			};
			buildConfigurationList = 5436B6052CE8DEEC00E8CBFA /* Build configuration list for PBXProject "JShift" */;
			developmentRegion = ja;
			hasScannedForEncodings = 0;
			knownRegions = (
				Base,
				ja,
			);
			mainGroup = 5436B6012CE8DEEC00E8CBFA;
			minimizedProjectReferenceProxies = 1;
			packageReferences = (
				5436B6D62CE8E0F400E8CBFA /* XCRemoteSwiftPackageReference "holiday_jp-swift" */,
				5436B6D92CE8E27700E8CBFA /* XCRemoteSwiftPackageReference "GoogleSignIn-iOS" */,
				5436B82F2CE8E7DA00E8CBFA /* XCRemoteSwiftPackageReference "google-api-objectivec-client-for-rest" */,
				5436B8322CE8E94B00E8CBFA /* XCRemoteSwiftPackageReference "PermissionsKit" */,
				5436B8352CE8E99B00E8CBFA /* XCRemoteSwiftPackageReference "SwiftUI-Shimmer" */,
				5436B8382CE8E9D300E8CBFA /* XCRemoteSwiftPackageReference "swiftui-cached-async-image" */,
				5436B83B2CE8EA3900E8CBFA /* XCRemoteSwiftPackageReference "LicenseList" */,
				5436B8462CE8EBFC00E8CBFA /* XCRemoteSwiftPackageReference "realm-swift" */,
				5436BA382CE9769F00E8CBFA /* XCRemoteSwiftPackageReference "rive-ios" */,
			);
			preferredProjectObjectVersion = 77;
			productRefGroup = 5436B60B2CE8DEEC00E8CBFA /* Products */;
			projectDirPath = "";
			projectRoot = "";
			targets = (
				5436B6092CE8DEEC00E8CBFA /* JShift */,
				5436B61D2CE8DEEF00E8CBFA /* JShiftTests */,
				5436B6272CE8DEEF00E8CBFA /* JShiftUITests */,
			);
		};
/* End PBXProject section */

/* Begin PBXResourcesBuildPhase section */
		5436B6082CE8DEEC00E8CBFA /* Resources */ = {
			isa = PBXResourcesBuildPhase;
			buildActionMask = 2147483647;
			files = (
			);
			runOnlyForDeploymentPostprocessing = 0;
		};
		5436B61C2CE8DEEF00E8CBFA /* Resources */ = {
			isa = PBXResourcesBuildPhase;
			buildActionMask = 2147483647;
			files = (
			);
			runOnlyForDeploymentPostprocessing = 0;
		};
		5436B6262CE8DEEF00E8CBFA /* Resources */ = {
			isa = PBXResourcesBuildPhase;
			buildActionMask = 2147483647;
			files = (
			);
			runOnlyForDeploymentPostprocessing = 0;
		};
/* End PBXResourcesBuildPhase section */

/* Begin PBXSourcesBuildPhase section */
		5436B6062CE8DEEC00E8CBFA /* Sources */ = {
			isa = PBXSourcesBuildPhase;
			buildActionMask = 2147483647;
			files = (
			);
			runOnlyForDeploymentPostprocessing = 0;
		};
		5436B61A2CE8DEEF00E8CBFA /* Sources */ = {
			isa = PBXSourcesBuildPhase;
			buildActionMask = 2147483647;
			files = (
			);
			runOnlyForDeploymentPostprocessing = 0;
		};
		5436B6242CE8DEEF00E8CBFA /* Sources */ = {
			isa = PBXSourcesBuildPhase;
			buildActionMask = 2147483647;
			files = (
			);
			runOnlyForDeploymentPostprocessing = 0;
		};
/* End PBXSourcesBuildPhase section */

/* Begin PBXTargetDependency section */
		5436B6202CE8DEEF00E8CBFA /* PBXTargetDependency */ = {
			isa = PBXTargetDependency;
			target = 5436B6092CE8DEEC00E8CBFA /* JShift */;
			targetProxy = 5436B61F2CE8DEEF00E8CBFA /* PBXContainerItemProxy */;
		};
		5436B62A2CE8DEEF00E8CBFA /* PBXTargetDependency */ = {
			isa = PBXTargetDependency;
			target = 5436B6092CE8DEEC00E8CBFA /* JShift */;
			targetProxy = 5436B6292CE8DEEF00E8CBFA /* PBXContainerItemProxy */;
		};
/* End PBXTargetDependency section */

/* Begin XCBuildConfiguration section */
		5436B6322CE8DEEF00E8CBFA /* Debug */ = {
			isa = XCBuildConfiguration;
			buildSettings = {
				ASSETCATALOG_COMPILER_APPICON_NAME = AppIcon;
				ASSETCATALOG_COMPILER_GLOBAL_ACCENT_COLOR_NAME = AccentColor;
				CODE_SIGN_ENTITLEMENTS = JShift/JShift.entitlements;
				CODE_SIGN_STYLE = Automatic;
				CURRENT_PROJECT_VERSION = 1;
				DEVELOPMENT_ASSET_PATHS = "\"JShift/Preview Content\"";
				DEVELOPMENT_TEAM = 8KH9QD5V23;
				ENABLE_PREVIEWS = YES;
				GENERATE_INFOPLIST_FILE = YES;
				INFOPLIST_FILE = JShift/Info.plist;
				INFOPLIST_KEY_UIApplicationSceneManifest_Generation = YES;
				INFOPLIST_KEY_UIApplicationSupportsIndirectInputEvents = YES;
				INFOPLIST_KEY_UILaunchScreen_Generation = YES;
				INFOPLIST_KEY_UISupportedInterfaceOrientations_iPad = "UIInterfaceOrientationPortrait UIInterfaceOrientationPortraitUpsideDown UIInterfaceOrientationLandscapeLeft UIInterfaceOrientationLandscapeRight";
				INFOPLIST_KEY_UISupportedInterfaceOrientations_iPhone = "UIInterfaceOrientationPortrait UIInterfaceOrientationLandscapeLeft UIInterfaceOrientationLandscapeRight";
				INFOPLIST_PREPROCESS = YES;
				LD_RUNPATH_SEARCH_PATHS = (
					"$(inherited)",
					"@executable_path/Frameworks",
				);
				MARKETING_VERSION = 1.0;
				PRODUCT_BUNDLE_IDENTIFIER = com.ShinKawakami.JShift.JShift;
				PRODUCT_NAME = "$(TARGET_NAME)";
				SWIFT_EMIT_LOC_STRINGS = YES;
				SWIFT_VERSION = 5.0;
				TARGETED_DEVICE_FAMILY = "1,2";
			};
			name = Debug;
		};
		5436B6332CE8DEEF00E8CBFA /* Release */ = {
			isa = XCBuildConfiguration;
			buildSettings = {
				ASSETCATALOG_COMPILER_APPICON_NAME = AppIcon;
				ASSETCATALOG_COMPILER_GLOBAL_ACCENT_COLOR_NAME = AccentColor;
				CODE_SIGN_ENTITLEMENTS = JShift/JShift.entitlements;
				CODE_SIGN_STYLE = Automatic;
				CURRENT_PROJECT_VERSION = 1;
				DEVELOPMENT_ASSET_PATHS = "\"JShift/Preview Content\"";
				DEVELOPMENT_TEAM = 8KH9QD5V23;
				ENABLE_PREVIEWS = YES;
				GENERATE_INFOPLIST_FILE = YES;
				INFOPLIST_FILE = JShift/Info.plist;
				INFOPLIST_KEY_UIApplicationSceneManifest_Generation = YES;
				INFOPLIST_KEY_UIApplicationSupportsIndirectInputEvents = YES;
				INFOPLIST_KEY_UILaunchScreen_Generation = YES;
				INFOPLIST_KEY_UISupportedInterfaceOrientations_iPad = "UIInterfaceOrientationPortrait UIInterfaceOrientationPortraitUpsideDown UIInterfaceOrientationLandscapeLeft UIInterfaceOrientationLandscapeRight";
				INFOPLIST_KEY_UISupportedInterfaceOrientations_iPhone = "UIInterfaceOrientationPortrait UIInterfaceOrientationLandscapeLeft UIInterfaceOrientationLandscapeRight";
				INFOPLIST_PREPROCESS = YES;
				LD_RUNPATH_SEARCH_PATHS = (
					"$(inherited)",
					"@executable_path/Frameworks",
				);
				MARKETING_VERSION = 1.0;
				PRODUCT_BUNDLE_IDENTIFIER = com.ShinKawakami.JShift.JShift;
				PRODUCT_NAME = "$(TARGET_NAME)";
				SWIFT_EMIT_LOC_STRINGS = YES;
				SWIFT_VERSION = 5.0;
				TARGETED_DEVICE_FAMILY = "1,2";
			};
			name = Release;
		};
		5436B6342CE8DEEF00E8CBFA /* Debug */ = {
			isa = XCBuildConfiguration;
			buildSettings = {
				ALWAYS_SEARCH_USER_PATHS = NO;
				ASSETCATALOG_COMPILER_GENERATE_SWIFT_ASSET_SYMBOL_EXTENSIONS = YES;
				CLANG_ANALYZER_NONNULL = YES;
				CLANG_ANALYZER_NUMBER_OBJECT_CONVERSION = YES_AGGRESSIVE;
				CLANG_CXX_LANGUAGE_STANDARD = "gnu++20";
				CLANG_ENABLE_MODULES = YES;
				CLANG_ENABLE_OBJC_ARC = YES;
				CLANG_ENABLE_OBJC_WEAK = YES;
				CLANG_WARN_BLOCK_CAPTURE_AUTORELEASING = YES;
				CLANG_WARN_BOOL_CONVERSION = YES;
				CLANG_WARN_COMMA = YES;
				CLANG_WARN_CONSTANT_CONVERSION = YES;
				CLANG_WARN_DEPRECATED_OBJC_IMPLEMENTATIONS = YES;
				CLANG_WARN_DIRECT_OBJC_ISA_USAGE = YES_ERROR;
				CLANG_WARN_DOCUMENTATION_COMMENTS = YES;
				CLANG_WARN_EMPTY_BODY = YES;
				CLANG_WARN_ENUM_CONVERSION = YES;
				CLANG_WARN_INFINITE_RECURSION = YES;
				CLANG_WARN_INT_CONVERSION = YES;
				CLANG_WARN_NON_LITERAL_NULL_CONVERSION = YES;
				CLANG_WARN_OBJC_IMPLICIT_RETAIN_SELF = YES;
				CLANG_WARN_OBJC_LITERAL_CONVERSION = YES;
				CLANG_WARN_OBJC_ROOT_CLASS = YES_ERROR;
				CLANG_WARN_QUOTED_INCLUDE_IN_FRAMEWORK_HEADER = YES;
				CLANG_WARN_RANGE_LOOP_ANALYSIS = YES;
				CLANG_WARN_STRICT_PROTOTYPES = YES;
				CLANG_WARN_SUSPICIOUS_MOVE = YES;
				CLANG_WARN_UNGUARDED_AVAILABILITY = YES_AGGRESSIVE;
				CLANG_WARN_UNREACHABLE_CODE = YES;
				CLANG_WARN__DUPLICATE_METHOD_MATCH = YES;
				COPY_PHASE_STRIP = NO;
				DEBUG_INFORMATION_FORMAT = dwarf;
				ENABLE_STRICT_OBJC_MSGSEND = YES;
				ENABLE_TESTABILITY = YES;
				ENABLE_USER_SCRIPT_SANDBOXING = YES;
				GCC_C_LANGUAGE_STANDARD = gnu17;
				GCC_DYNAMIC_NO_PIC = NO;
				GCC_NO_COMMON_BLOCKS = YES;
				GCC_OPTIMIZATION_LEVEL = 0;
				GCC_PREPROCESSOR_DEFINITIONS = (
					"DEBUG=1",
					"$(inherited)",
				);
				GCC_WARN_64_TO_32_BIT_CONVERSION = YES;
				GCC_WARN_ABOUT_RETURN_TYPE = YES_ERROR;
				GCC_WARN_UNDECLARED_SELECTOR = YES;
				GCC_WARN_UNINITIALIZED_AUTOS = YES_AGGRESSIVE;
				GCC_WARN_UNUSED_FUNCTION = YES;
				GCC_WARN_UNUSED_VARIABLE = YES;
				IPHONEOS_DEPLOYMENT_TARGET = 18.0;
				LOCALIZATION_PREFERS_STRING_CATALOGS = YES;
				MTL_ENABLE_DEBUG_INFO = INCLUDE_SOURCE;
				MTL_FAST_MATH = YES;
				ONLY_ACTIVE_ARCH = YES;
				SDKROOT = iphoneos;
				SWIFT_ACTIVE_COMPILATION_CONDITIONS = "DEBUG $(inherited)";
				SWIFT_OPTIMIZATION_LEVEL = "-Onone";
			};
			name = Debug;
		};
		5436B6352CE8DEEF00E8CBFA /* Release */ = {
			isa = XCBuildConfiguration;
			buildSettings = {
				ALWAYS_SEARCH_USER_PATHS = NO;
				ASSETCATALOG_COMPILER_GENERATE_SWIFT_ASSET_SYMBOL_EXTENSIONS = YES;
				CLANG_ANALYZER_NONNULL = YES;
				CLANG_ANALYZER_NUMBER_OBJECT_CONVERSION = YES_AGGRESSIVE;
				CLANG_CXX_LANGUAGE_STANDARD = "gnu++20";
				CLANG_ENABLE_MODULES = YES;
				CLANG_ENABLE_OBJC_ARC = YES;
				CLANG_ENABLE_OBJC_WEAK = YES;
				CLANG_WARN_BLOCK_CAPTURE_AUTORELEASING = YES;
				CLANG_WARN_BOOL_CONVERSION = YES;
				CLANG_WARN_COMMA = YES;
				CLANG_WARN_CONSTANT_CONVERSION = YES;
				CLANG_WARN_DEPRECATED_OBJC_IMPLEMENTATIONS = YES;
				CLANG_WARN_DIRECT_OBJC_ISA_USAGE = YES_ERROR;
				CLANG_WARN_DOCUMENTATION_COMMENTS = YES;
				CLANG_WARN_EMPTY_BODY = YES;
				CLANG_WARN_ENUM_CONVERSION = YES;
				CLANG_WARN_INFINITE_RECURSION = YES;
				CLANG_WARN_INT_CONVERSION = YES;
				CLANG_WARN_NON_LITERAL_NULL_CONVERSION = YES;
				CLANG_WARN_OBJC_IMPLICIT_RETAIN_SELF = YES;
				CLANG_WARN_OBJC_LITERAL_CONVERSION = YES;
				CLANG_WARN_OBJC_ROOT_CLASS = YES_ERROR;
				CLANG_WARN_QUOTED_INCLUDE_IN_FRAMEWORK_HEADER = YES;
				CLANG_WARN_RANGE_LOOP_ANALYSIS = YES;
				CLANG_WARN_STRICT_PROTOTYPES = YES;
				CLANG_WARN_SUSPICIOUS_MOVE = YES;
				CLANG_WARN_UNGUARDED_AVAILABILITY = YES_AGGRESSIVE;
				CLANG_WARN_UNREACHABLE_CODE = YES;
				CLANG_WARN__DUPLICATE_METHOD_MATCH = YES;
				COPY_PHASE_STRIP = NO;
				DEBUG_INFORMATION_FORMAT = "dwarf-with-dsym";
				ENABLE_NS_ASSERTIONS = NO;
				ENABLE_STRICT_OBJC_MSGSEND = YES;
				ENABLE_USER_SCRIPT_SANDBOXING = YES;
				GCC_C_LANGUAGE_STANDARD = gnu17;
				GCC_NO_COMMON_BLOCKS = YES;
				GCC_WARN_64_TO_32_BIT_CONVERSION = YES;
				GCC_WARN_ABOUT_RETURN_TYPE = YES_ERROR;
				GCC_WARN_UNDECLARED_SELECTOR = YES;
				GCC_WARN_UNINITIALIZED_AUTOS = YES_AGGRESSIVE;
				GCC_WARN_UNUSED_FUNCTION = YES;
				GCC_WARN_UNUSED_VARIABLE = YES;
				IPHONEOS_DEPLOYMENT_TARGET = 18.0;
				LOCALIZATION_PREFERS_STRING_CATALOGS = YES;
				MTL_ENABLE_DEBUG_INFO = NO;
				MTL_FAST_MATH = YES;
				SDKROOT = iphoneos;
				SWIFT_COMPILATION_MODE = wholemodule;
				VALIDATE_PRODUCT = YES;
			};
			name = Release;
		};
		5436B6372CE8DEEF00E8CBFA /* Debug */ = {
			isa = XCBuildConfiguration;
			buildSettings = {
				BUNDLE_LOADER = "$(TEST_HOST)";
				CODE_SIGN_STYLE = Automatic;
				CURRENT_PROJECT_VERSION = 1;
				DEVELOPMENT_TEAM = 8KH9QD5V23;
				GENERATE_INFOPLIST_FILE = YES;
				IPHONEOS_DEPLOYMENT_TARGET = 18.0;
				MARKETING_VERSION = 1.0;
				PRODUCT_BUNDLE_IDENTIFIER = com.ShinKawakami.JShift.JShiftTests;
				PRODUCT_NAME = "$(TARGET_NAME)";
				SWIFT_EMIT_LOC_STRINGS = NO;
				SWIFT_VERSION = 5.0;
				TARGETED_DEVICE_FAMILY = "1,2";
				TEST_HOST = "$(BUILT_PRODUCTS_DIR)/JShift.app/$(BUNDLE_EXECUTABLE_FOLDER_PATH)/JShift";
			};
			name = Debug;
		};
		5436B6382CE8DEEF00E8CBFA /* Release */ = {
			isa = XCBuildConfiguration;
			buildSettings = {
				BUNDLE_LOADER = "$(TEST_HOST)";
				CODE_SIGN_STYLE = Automatic;
				CURRENT_PROJECT_VERSION = 1;
				DEVELOPMENT_TEAM = 8KH9QD5V23;
				GENERATE_INFOPLIST_FILE = YES;
				IPHONEOS_DEPLOYMENT_TARGET = 18.0;
				MARKETING_VERSION = 1.0;
				PRODUCT_BUNDLE_IDENTIFIER = com.ShinKawakami.JShift.JShiftTests;
				PRODUCT_NAME = "$(TARGET_NAME)";
				SWIFT_EMIT_LOC_STRINGS = NO;
				SWIFT_VERSION = 5.0;
				TARGETED_DEVICE_FAMILY = "1,2";
				TEST_HOST = "$(BUILT_PRODUCTS_DIR)/JShift.app/$(BUNDLE_EXECUTABLE_FOLDER_PATH)/JShift";
			};
			name = Release;
		};
		5436B63A2CE8DEEF00E8CBFA /* Debug */ = {
			isa = XCBuildConfiguration;
			buildSettings = {
				CODE_SIGN_STYLE = Automatic;
				CURRENT_PROJECT_VERSION = 1;
				DEVELOPMENT_TEAM = 8KH9QD5V23;
				GENERATE_INFOPLIST_FILE = YES;
				MARKETING_VERSION = 1.0;
				PRODUCT_BUNDLE_IDENTIFIER = com.ShinKawakami.JShift.JShiftUITests;
				PRODUCT_NAME = "$(TARGET_NAME)";
				SWIFT_EMIT_LOC_STRINGS = NO;
				SWIFT_VERSION = 5.0;
				TARGETED_DEVICE_FAMILY = "1,2";
				TEST_TARGET_NAME = JShift;
			};
			name = Debug;
		};
		5436B63B2CE8DEEF00E8CBFA /* Release */ = {
			isa = XCBuildConfiguration;
			buildSettings = {
				CODE_SIGN_STYLE = Automatic;
				CURRENT_PROJECT_VERSION = 1;
				DEVELOPMENT_TEAM = 8KH9QD5V23;
				GENERATE_INFOPLIST_FILE = YES;
				MARKETING_VERSION = 1.0;
				PRODUCT_BUNDLE_IDENTIFIER = com.ShinKawakami.JShift.JShiftUITests;
				PRODUCT_NAME = "$(TARGET_NAME)";
				SWIFT_EMIT_LOC_STRINGS = NO;
				SWIFT_VERSION = 5.0;
				TARGETED_DEVICE_FAMILY = "1,2";
				TEST_TARGET_NAME = JShift;
			};
			name = Release;
		};
/* End XCBuildConfiguration section */

/* Begin XCConfigurationList section */
		5436B6052CE8DEEC00E8CBFA /* Build configuration list for PBXProject "JShift" */ = {
			isa = XCConfigurationList;
			buildConfigurations = (
				5436B6342CE8DEEF00E8CBFA /* Debug */,
				5436B6352CE8DEEF00E8CBFA /* Release */,
			);
			defaultConfigurationIsVisible = 0;
			defaultConfigurationName = Release;
		};
		5436B6312CE8DEEF00E8CBFA /* Build configuration list for PBXNativeTarget "JShift" */ = {
			isa = XCConfigurationList;
			buildConfigurations = (
				5436B6322CE8DEEF00E8CBFA /* Debug */,
				5436B6332CE8DEEF00E8CBFA /* Release */,
			);
			defaultConfigurationIsVisible = 0;
			defaultConfigurationName = Release;
		};
		5436B6362CE8DEEF00E8CBFA /* Build configuration list for PBXNativeTarget "JShiftTests" */ = {
			isa = XCConfigurationList;
			buildConfigurations = (
				5436B6372CE8DEEF00E8CBFA /* Debug */,
				5436B6382CE8DEEF00E8CBFA /* Release */,
			);
			defaultConfigurationIsVisible = 0;
			defaultConfigurationName = Release;
		};
		5436B6392CE8DEEF00E8CBFA /* Build configuration list for PBXNativeTarget "JShiftUITests" */ = {
			isa = XCConfigurationList;
			buildConfigurations = (
				5436B63A2CE8DEEF00E8CBFA /* Debug */,
				5436B63B2CE8DEEF00E8CBFA /* Release */,
			);
			defaultConfigurationIsVisible = 0;
			defaultConfigurationName = Release;
		};
/* End XCConfigurationList section */

/* Begin XCRemoteSwiftPackageReference section */
		5436B6D62CE8E0F400E8CBFA /* XCRemoteSwiftPackageReference "holiday_jp-swift" */ = {
			isa = XCRemoteSwiftPackageReference;
			repositoryURL = "https://github.com/holiday-jp/holiday_jp-swift.git";
			requirement = {
				kind = upToNextMajorVersion;
				minimumVersion = 0.2.1;
			};
		};
		5436B6D92CE8E27700E8CBFA /* XCRemoteSwiftPackageReference "GoogleSignIn-iOS" */ = {
			isa = XCRemoteSwiftPackageReference;
			repositoryURL = "https://github.com/google/GoogleSignIn-iOS";
			requirement = {
				kind = upToNextMajorVersion;
				minimumVersion = 8.0.0;
			};
		};
		5436B82F2CE8E7DA00E8CBFA /* XCRemoteSwiftPackageReference "google-api-objectivec-client-for-rest" */ = {
			isa = XCRemoteSwiftPackageReference;
			repositoryURL = "https://github.com/google/google-api-objectivec-client-for-rest.git";
			requirement = {
				branch = main;
				kind = branch;
			};
		};
		5436B8322CE8E94B00E8CBFA /* XCRemoteSwiftPackageReference "PermissionsKit" */ = {
			isa = XCRemoteSwiftPackageReference;
			repositoryURL = "https://github.com/sparrowcode/PermissionsKit";
			requirement = {
				kind = upToNextMajorVersion;
				minimumVersion = 11.0.1;
			};
		};
		5436B8352CE8E99B00E8CBFA /* XCRemoteSwiftPackageReference "SwiftUI-Shimmer" */ = {
			isa = XCRemoteSwiftPackageReference;
			repositoryURL = "https://github.com/markiv/SwiftUI-Shimmer.git";
			requirement = {
				kind = upToNextMajorVersion;
				minimumVersion = 1.5.1;
			};
		};
		5436B8382CE8E9D300E8CBFA /* XCRemoteSwiftPackageReference "swiftui-cached-async-image" */ = {
			isa = XCRemoteSwiftPackageReference;
			repositoryURL = "https://github.com/lorenzofiamingo/swiftui-cached-async-image";
			requirement = {
				kind = upToNextMajorVersion;
				minimumVersion = 2.1.1;
			};
		};
		5436B83B2CE8EA3900E8CBFA /* XCRemoteSwiftPackageReference "LicenseList" */ = {
			isa = XCRemoteSwiftPackageReference;
			repositoryURL = "https://github.com/cybozu/LicenseList.git";
			requirement = {
				kind = upToNextMajorVersion;
				minimumVersion = 1.1.1;
			};
		};
		5436B8462CE8EBFC00E8CBFA /* XCRemoteSwiftPackageReference "realm-swift" */ = {
			isa = XCRemoteSwiftPackageReference;
			repositoryURL = "https://github.com/realm/realm-swift.git";
			requirement = {
				branch = master;
				kind = branch;
			};
		};
		5436BA382CE9769F00E8CBFA /* XCRemoteSwiftPackageReference "rive-ios" */ = {
			isa = XCRemoteSwiftPackageReference;
			repositoryURL = "https://github.com/rive-app/rive-ios";
			requirement = {
				kind = upToNextMajorVersion;
				minimumVersion = 5.9.1;
			};
		};
/* End XCRemoteSwiftPackageReference section */

/* Begin XCSwiftPackageProductDependency section */
		5436B6D72CE8E0F400E8CBFA /* HolidayJp */ = {
			isa = XCSwiftPackageProductDependency;
			package = 5436B6D62CE8E0F400E8CBFA /* XCRemoteSwiftPackageReference "holiday_jp-swift" */;
			productName = HolidayJp;
		};
		5436B6DA2CE8E27700E8CBFA /* GoogleSignIn */ = {
			isa = XCSwiftPackageProductDependency;
			package = 5436B6D92CE8E27700E8CBFA /* XCRemoteSwiftPackageReference "GoogleSignIn-iOS" */;
			productName = GoogleSignIn;
		};
		5436B6DC2CE8E27700E8CBFA /* GoogleSignInSwift */ = {
			isa = XCSwiftPackageProductDependency;
			package = 5436B6D92CE8E27700E8CBFA /* XCRemoteSwiftPackageReference "GoogleSignIn-iOS" */;
			productName = GoogleSignInSwift;
		};
		5436B8302CE8E7DA00E8CBFA /* GoogleAPIClientForREST_Calendar */ = {
			isa = XCSwiftPackageProductDependency;
			package = 5436B82F2CE8E7DA00E8CBFA /* XCRemoteSwiftPackageReference "google-api-objectivec-client-for-rest" */;
			productName = GoogleAPIClientForREST_Calendar;
		};
		5436B8332CE8E94B00E8CBFA /* NotificationPermission */ = {
			isa = XCSwiftPackageProductDependency;
			package = 5436B8322CE8E94B00E8CBFA /* XCRemoteSwiftPackageReference "PermissionsKit" */;
			productName = NotificationPermission;
		};
		5436B8362CE8E99B00E8CBFA /* Shimmer */ = {
			isa = XCSwiftPackageProductDependency;
			package = 5436B8352CE8E99B00E8CBFA /* XCRemoteSwiftPackageReference "SwiftUI-Shimmer" */;
			productName = Shimmer;
		};
		5436B8392CE8E9D300E8CBFA /* CachedAsyncImage */ = {
			isa = XCSwiftPackageProductDependency;
			package = 5436B8382CE8E9D300E8CBFA /* XCRemoteSwiftPackageReference "swiftui-cached-async-image" */;
			productName = CachedAsyncImage;
		};
		5436B83C2CE8EA3900E8CBFA /* LicenseList */ = {
			isa = XCSwiftPackageProductDependency;
			package = 5436B83B2CE8EA3900E8CBFA /* XCRemoteSwiftPackageReference "LicenseList" */;
			productName = LicenseList;
		};
		5436B8472CE8EBFC00E8CBFA /* RealmSwift */ = {
			isa = XCSwiftPackageProductDependency;
			package = 5436B8462CE8EBFC00E8CBFA /* XCRemoteSwiftPackageReference "realm-swift" */;
			productName = RealmSwift;
		};
		5436BA392CE9769F00E8CBFA /* RiveRuntime */ = {
			isa = XCSwiftPackageProductDependency;
			package = 5436BA382CE9769F00E8CBFA /* XCRemoteSwiftPackageReference "rive-ios" */;
			productName = RiveRuntime;
		};
/* End XCSwiftPackageProductDependency section */
	};
	rootObject = 5436B6022CE8DEEC00E8CBFA /* Project object */;
}
